
Microsoft Visual Studio Solution File, Format Version 12.00
# Visual Studio 15
VisualStudioVersion = 15.0.28010.2046
MinimumVisualStudioVersion = 10.0.40219.1
Project("{FAE04EC0-301F-11D3-BF4B-00C04F79EFBC}") = "ItsEarth.Android", "ItsEarth\ItsEarth.Android\ItsEarth.Android.csproj", "{24CE3C36-16B9-426D-AA0C-5961ECF8D88C}"
EndProject
Project("{FAE04EC0-301F-11D3-BF4B-00C04F79EFBC}") = "ItsEarth.iOS", "ItsEarth\ItsEarth.iOS\ItsEarth.iOS.csproj", "{6E03F1C5-CD54-4567-9CD9-31F3065B6D77}"
EndProject
Project("{FAE04EC0-301F-11D3-BF4B-00C04F79EFBC}") = "ItsEarth.MobileAppService", "ItsEarth\ItsEarth.MobileAppService\ItsEarth.MobileAppService.csproj", "{CD8C746B-044E-48DD-8427-36758FF0A4AF}"
EndProject
Project("{FAE04EC0-301F-11D3-BF4B-00C04F79EFBC}") = "ItsEarth", "ItsEarth\ItsEarth\ItsEarth.csproj", "{58EFBED2-82D7-4626-8159-83314B406C98}"
EndProject
Global
	GlobalSection(SolutionConfigurationPlatforms) = preSolution
		Debug|Any CPU = Debug|Any CPU
		Debug|iPhone = Debug|iPhone
		Debug|iPhoneSimulator = Debug|iPhoneSimulator
		Release|Any CPU = Release|Any CPU
		Release|iPhone = Release|iPhone
		Release|iPhoneSimulator = Release|iPhoneSimulator
	EndGlobalSection
	GlobalSection(ProjectConfigurationPlatforms) = postSolution
		{24CE3C36-16B9-426D-AA0C-5961ECF8D88C}.Debug|Any CPU.ActiveCfg = Debug|Any CPU
		{24CE3C36-16B9-426D-AA0C-5961ECF8D88C}.Debug|Any CPU.Build.0 = Debug|Any CPU
		{24CE3C36-16B9-426D-AA0C-5961ECF8D88C}.Debug|Any CPU.Deploy.0 = Debug|Any CPU
		{24CE3C36-16B9-426D-AA0C-5961ECF8D88C}.Debug|iPhone.ActiveCfg = Debug|Any CPU
		{24CE3C36-16B9-426D-AA0C-5961ECF8D88C}.Debug|iPhone.Build.0 = Debug|Any CPU
		{24CE3C36-16B9-426D-AA0C-5961ECF8D88C}.Debug|iPhone.Deploy.0 = Debug|Any CPU
		{24CE3C36-16B9-426D-AA0C-5961ECF8D88C}.Debug|iPhoneSimulator.ActiveCfg = Debug|Any CPU
		{24CE3C36-16B9-426D-AA0C-5961ECF8D88C}.Debug|iPhoneSimulator.Build.0 = Debug|Any CPU
		{24CE3C36-16B9-426D-AA0C-5961ECF8D88C}.Debug|iPhoneSimulator.Deploy.0 = Debug|Any CPU
		{24CE3C36-16B9-426D-AA0C-5961ECF8D88C}.Release|Any CPU.ActiveCfg = Release|Any CPU
		{24CE3C36-16B9-426D-AA0C-5961ECF8D88C}.Release|Any CPU.Build.0 = Release|Any CPU
		{24CE3C36-16B9-426D-AA0C-5961ECF8D88C}.Release|Any CPU.Deploy.0 = Release|Any CPU
		{24CE3C36-16B9-426D-AA0C-5961ECF8D88C}.Release|iPhone.ActiveCfg = Release|Any CPU
		{24CE3C36-16B9-426D-AA0C-5961ECF8D88C}.Release|iPhone.Build.0 = Release|Any CPU
		{24CE3C36-16B9-426D-AA0C-5961ECF8D88C}.Release|iPhone.Deploy.0 = Release|Any CPU
		{24CE3C36-16B9-426D-AA0C-5961ECF8D88C}.Release|iPhoneSimulator.ActiveCfg = Release|Any CPU
		{24CE3C36-16B9-426D-AA0C-5961ECF8D88C}.Release|iPhoneSimulator.Build.0 = Release|Any CPU
		{24CE3C36-16B9-426D-AA0C-5961ECF8D88C}.Release|iPhoneSimulator.Deploy.0 = Release|Any CPU
		{6E03F1C5-CD54-4567-9CD9-31F3065B6D77}.Debug|Any CPU.ActiveCfg = Debug|iPhoneSimulator
		{6E03F1C5-CD54-4567-9CD9-31F3065B6D77}.Debug|Any CPU.Build.0 = Debug|iPhoneSimulator
		{6E03F1C5-CD54-4567-9CD9-31F3065B6D77}.Debug|Any CPU.Deploy.0 = Debug|iPhoneSimulator
		{6E03F1C5-CD54-4567-9CD9-31F3065B6D77}.Debug|iPhone.ActiveCfg = Debug|iPhone
		{6E03F1C5-CD54-4567-9CD9-31F3065B6D77}.Debug|iPhone.Build.0 = Debug|iPhone
		{6E03F1C5-CD54-4567-9CD9-31F3065B6D77}.Debug|iPhone.Deploy.0 = Debug|iPhone
		{6E03F1C5-CD54-4567-9CD9-31F3065B6D77}.Debug|iPhoneSimulator.ActiveCfg = Debug|iPhoneSimulator
		{6E03F1C5-CD54-4567-9CD9-31F3065B6D77}.Debug|iPhoneSimulator.Build.0 = Debug|iPhoneSimulator
		{6E03F1C5-CD54-4567-9CD9-31F3065B6D77}.Debug|iPhoneSimulator.Deploy.0 = Debug|iPhoneSimulator
		{6E03F1C5-CD54-4567-9CD9-31F3065B6D77}.Release|Any CPU.ActiveCfg = Release|iPhone
		{6E03F1C5-CD54-4567-9CD9-31F3065B6D77}.Release|Any CPU.Build.0 = Release|iPhone
		{6E03F1C5-CD54-4567-9CD9-31F3065B6D77}.Release|Any CPU.Deploy.0 = Release|iPhone
		{6E03F1C5-CD54-4567-9CD9-31F3065B6D77}.Release|iPhone.ActiveCfg = Release|iPhone
		{6E03F1C5-CD54-4567-9CD9-31F3065B6D77}.Release|iPhone.Build.0 = Release|iPhone
		{6E03F1C5-CD54-4567-9CD9-31F3065B6D77}.Release|iPhone.Deploy.0 = Release|iPhone
		{6E03F1C5-CD54-4567-9CD9-31F3065B6D77}.Release|iPhoneSimulator.ActiveCfg = Release|iPhoneSimulator
		{6E03F1C5-CD54-4567-9CD9-31F3065B6D77}.Release|iPhoneSimulator.Build.0 = Release|iPhoneSimulator
		{6E03F1C5-CD54-4567-9CD9-31F3065B6D77}.Release|iPhoneSimulator.Deploy.0 = Release|iPhoneSimulator
		{CD8C746B-044E-48DD-8427-36758FF0A4AF}.Debug|Any CPU.ActiveCfg = Debug|Any CPU
		{CD8C746B-044E-48DD-8427-36758FF0A4AF}.Debug|Any CPU.Build.0 = Debug|Any CPU
		{CD8C746B-044E-48DD-8427-36758FF0A4AF}.Debug|Any CPU.Deploy.0 = Debug|Any CPU
		{CD8C746B-044E-48DD-8427-36758FF0A4AF}.Debug|iPhone.ActiveCfg = Debug|Any CPU
		{CD8C746B-044E-48DD-8427-36758FF0A4AF}.Debug|iPhone.Build.0 = Debug|Any CPU
		{CD8C746B-044E-48DD-8427-36758FF0A4AF}.Debug|iPhone.Deploy.0 = Debug|Any CPU
		{CD8C746B-044E-48DD-8427-36758FF0A4AF}.Debug|iPhoneSimulator.ActiveCfg = Debug|Any CPU
		{CD8C746B-044E-48DD-8427-36758FF0A4AF}.Debug|iPhoneSimulator.Build.0 = Debug|Any CPU
		{CD8C746B-044E-48DD-8427-36758FF0A4AF}.Debug|iPhoneSimulator.Deploy.0 = Debug|Any CPU
		{CD8C746B-044E-48DD-8427-36758FF0A4AF}.Release|Any CPU.ActiveCfg = Release|Any CPU
		{CD8C746B-044E-48DD-8427-36758FF0A4AF}.Release|Any CPU.Build.0 = Release|Any CPU
		{CD8C746B-044E-48DD-8427-36758FF0A4AF}.Release|Any CPU.Deploy.0 = Release|Any CPU
		{CD8C746B-044E-48DD-8427-36758FF0A4AF}.Release|iPhone.ActiveCfg = Release|Any CPU
		{CD8C746B-044E-48DD-8427-36758FF0A4AF}.Release|iPhone.Build.0 = Release|Any CPU
		{CD8C746B-044E-48DD-8427-36758FF0A4AF}.Release|iPhone.Deploy.0 = Release|Any CPU
		{CD8C746B-044E-48DD-8427-36758FF0A4AF}.Release|iPhoneSimulator.ActiveCfg = Release|Any CPU
		{CD8C746B-044E-48DD-8427-36758FF0A4AF}.Release|iPhoneSimulator.Build.0 = Release|Any CPU
		{CD8C746B-044E-48DD-8427-36758FF0A4AF}.Release|iPhoneSimulator.Deploy.0 = Release|Any CPU
		{58EFBED2-82D7-4626-8159-83314B406C98}.Debug|Any CPU.ActiveCfg = Debug|Any CPU
		{58EFBED2-82D7-4626-8159-83314B406C98}.Debug|Any CPU.Build.0 = Debug|Any CPU
		{58EFBED2-82D7-4626-8159-83314B406C98}.Debug|Any CPU.Deploy.0 = Debug|Any CPU
		{58EFBED2-82D7-4626-8159-83314B406C98}.Debug|iPhone.ActiveCfg = Debug|Any CPU
		{58EFBED2-82D7-4626-8159-83314B406C98}.Debug|iPhone.Build.0 = Debug|Any CPU
		{58EFBED2-82D7-4626-8159-83314B406C98}.Debug|iPhone.Deploy.0 = Debug|Any CPU
		{58EFBED2-82D7-4626-8159-83314B406C98}.Debug|iPhoneSimulator.ActiveCfg = Debug|Any CPU
		{58EFBED2-82D7-4626-8159-83314B406C98}.Debug|iPhoneSimulator.Build.0 = Debug|Any CPU
		{58EFBED2-82D7-4626-8159-83314B406C98}.Debug|iPhoneSimulator.Deploy.0 = Debug|Any CPU
		{58EFBED2-82D7-4626-8159-83314B406C98}.Release|Any CPU.ActiveCfg = Release|Any CPU
		{58EFBED2-82D7-4626-8159-83314B406C98}.Release|Any CPU.Build.0 = Release|Any CPU
		{58EFBED2-82D7-4626-8159-83314B406C98}.Release|Any CPU.Deploy.0 = Release|Any CPU
		{58EFBED2-82D7-4626-8159-83314B406C98}.Release|iPhone.ActiveCfg = Release|Any CPU
		{58EFBED2-82D7-4626-8159-83314B406C98}.Release|iPhone.Build.0 = Release|Any CPU
		{58EFBED2-82D7-4626-8159-83314B406C98}.Release|iPhone.Deploy.0 = Release|Any CPU
		{58EFBED2-82D7-4626-8159-83314B406C98}.Release|iPhoneSimulator.ActiveCfg = Release|Any CPU
		{58EFBED2-82D7-4626-8159-83314B406C98}.Release|iPhoneSimulator.Build.0 = Release|Any CPU
		{58EFBED2-82D7-4626-8159-83314B406C98}.Release|iPhoneSimulator.Deploy.0 = Release|Any CPU
	EndGlobalSection
	GlobalSection(SolutionProperties) = preSolution
		HideSolutionNode = FALSE
	EndGlobalSection
	GlobalSection(ExtensibilityGlobals) = postSolution
		SolutionGuid = {7883BD45-881C-4892-A518-9FD6DE684844}
	EndGlobalSection
EndGlobal
